
Microsoft Visual Studio Solution File, Format Version 12.00
# Visual Studio Version 17
VisualStudioVersion = 17.9.34723.18
MinimumVisualStudioVersion = 10.0.40219.1
Project("{888888A0-9F3D-457C-B088-3A5042F75D52}") = "Periodic table python project", "Python coding practice\Periodic table python project.pyproj", "{11A67117-46B5-4F92-97EF-10DB880D2F43}"
EndProject
Global
	GlobalSection(SolutionConfigurationPlatforms) = preSolution
		Debug|Any CPU = Debug|Any CPU
		Release|Any CPU = Release|Any CPU
	EndGlobalSection
	GlobalSection(ProjectConfigurationPlatforms) = postSolution
		{11A67117-46B5-4F92-97EF-10DB880D2F43}.Debug|Any CPU.ActiveCfg = Debug|Any CPU
		{11A67117-46B5-4F92-97EF-10DB880D2F43}.Release|Any CPU.ActiveCfg = Release|Any CPU
	EndGlobalSection
	GlobalSection(SolutionProperties) = preSolution
		HideSolutionNode = FALSE
	EndGlobalSection
	GlobalSection(ExtensibilityGlobals) = postSolution
		SolutionGuid = {6FF2ACAD-CBE9-4D1D-88F5-9B26E56E80ED}
	EndGlobalSection
EndGlobal
